
Microsoft Visual Studio Solution File, Format Version 12.00
# Visual Studio Version 16
VisualStudioVersion = 16.0.28922.388
MinimumVisualStudioVersion = 10.0.40219.1
Project("{FAE04EC0-301F-11D3-BF4B-00C04F79EFBC}") = "Esercitazione_thread_processi", "Esercitazione_thread_processi\Esercitazione_thread_processi.csproj", "{45C15854-FF6D-4A97-954A-6AC1AD013102}"
EndProject
Global
	GlobalSection(SolutionConfigurationPlatforms) = preSolution
		Debug|Any CPU = Debug|Any CPU
		Release|Any CPU = Release|Any CPU
	EndGlobalSection
	GlobalSection(ProjectConfigurationPlatforms) = postSolution
		{45C15854-FF6D-4A97-954A-6AC1AD013102}.Debug|Any CPU.ActiveCfg = Debug|Any CPU
		{45C15854-FF6D-4A97-954A-6AC1AD013102}.Debug|Any CPU.Build.0 = Debug|Any CPU
		{45C15854-FF6D-4A97-954A-6AC1AD013102}.Release|Any CPU.ActiveCfg = Release|Any CPU
		{45C15854-FF6D-4A97-954A-6AC1AD013102}.Release|Any CPU.Build.0 = Release|Any CPU
	EndGlobalSection
	GlobalSection(SolutionProperties) = preSolution
		HideSolutionNode = FALSE
	EndGlobalSection
	GlobalSection(ExtensibilityGlobals) = postSolution
		SolutionGuid = {961038CE-5C4E-45E0-9CE9-1B1A92780A6C}
	EndGlobalSection
EndGlobal
